
Microsoft Visual Studio Solution File, Format Version 12.00
# Visual Studio Express 2013 for Windows Desktop
VisualStudioVersion = 12.0.30723.0
MinimumVisualStudioVersion = 10.0.40219.1
Project("{8BC9CEB8-8B4A-11D0-8D11-00A0C91BC942}") = "TowerDefense", "TowerDefense\TowerDefense.vcxproj", "{39980D3E-4D17-4342-A383-5E53097C573D}"
EndProject
Project("{F088123C-0E9E-452A-89E6-6BA2F21D5CAC}") = "UML_TowerDefense", "UML_TowerDefense\UML_TowerDefense.modelproj", "{CD303BF4-D434-4A01-BCD7-511066F129AD}"
EndProject
Project("{F088123C-0E9E-452A-89E6-6BA2F21D5CAC}") = "ModelingProject1", "ModelingProject1\ModelingProject1.modelproj", "{B004A122-ACD0-444D-86CA-3654E755E3B1}"
EndProject
Global
	GlobalSection(SolutionConfigurationPlatforms) = preSolution
		Debug|Any CPU = Debug|Any CPU
		Debug|Mixed Platforms = Debug|Mixed Platforms
		Debug|Win32 = Debug|Win32
		Release|Any CPU = Release|Any CPU
		Release|Mixed Platforms = Release|Mixed Platforms
		Release|Win32 = Release|Win32
	EndGlobalSection
	GlobalSection(ProjectConfigurationPlatforms) = postSolution
		{39980D3E-4D17-4342-A383-5E53097C573D}.Debug|Any CPU.ActiveCfg = Debug|Win32
		{39980D3E-4D17-4342-A383-5E53097C573D}.Debug|Mixed Platforms.ActiveCfg = Debug|Win32
		{39980D3E-4D17-4342-A383-5E53097C573D}.Debug|Mixed Platforms.Build.0 = Debug|Win32
		{39980D3E-4D17-4342-A383-5E53097C573D}.Debug|Win32.ActiveCfg = Debug|Win32
		{39980D3E-4D17-4342-A383-5E53097C573D}.Debug|Win32.Build.0 = Debug|Win32
		{39980D3E-4D17-4342-A383-5E53097C573D}.Release|Any CPU.ActiveCfg = Release|Win32
		{39980D3E-4D17-4342-A383-5E53097C573D}.Release|Mixed Platforms.ActiveCfg = Release|Win32
		{39980D3E-4D17-4342-A383-5E53097C573D}.Release|Mixed Platforms.Build.0 = Release|Win32
		{39980D3E-4D17-4342-A383-5E53097C573D}.Release|Win32.ActiveCfg = Release|Win32
		{39980D3E-4D17-4342-A383-5E53097C573D}.Release|Win32.Build.0 = Release|Win32
		{CD303BF4-D434-4A01-BCD7-511066F129AD}.Debug|Any CPU.ActiveCfg = Debug|Any CPU
		{CD303BF4-D434-4A01-BCD7-511066F129AD}.Debug|Any CPU.Build.0 = Debug|Any CPU
		{CD303BF4-D434-4A01-BCD7-511066F129AD}.Debug|Mixed Platforms.ActiveCfg = Debug|Any CPU
		{CD303BF4-D434-4A01-BCD7-511066F129AD}.Debug|Mixed Platforms.Build.0 = Debug|Any CPU
		{CD303BF4-D434-4A01-BCD7-511066F129AD}.Debug|Win32.ActiveCfg = Debug|Any CPU
		{CD303BF4-D434-4A01-BCD7-511066F129AD}.Release|Any CPU.ActiveCfg = Release|Any CPU
		{CD303BF4-D434-4A01-BCD7-511066F129AD}.Release|Any CPU.Build.0 = Release|Any CPU
		{CD303BF4-D434-4A01-BCD7-511066F129AD}.Release|Mixed Platforms.ActiveCfg = Release|Any CPU
		{CD303BF4-D434-4A01-BCD7-511066F129AD}.Release|Mixed Platforms.Build.0 = Release|Any CPU
		{CD303BF4-D434-4A01-BCD7-511066F129AD}.Release|Win32.ActiveCfg = Release|Any CPU
		{B004A122-ACD0-444D-86CA-3654E755E3B1}.Debug|Any CPU.ActiveCfg = Debug|Any CPU
		{B004A122-ACD0-444D-86CA-3654E755E3B1}.Debug|Any CPU.Build.0 = Debug|Any CPU
		{B004A122-ACD0-444D-86CA-3654E755E3B1}.Debug|Mixed Platforms.ActiveCfg = Debug|Any CPU
		{B004A122-ACD0-444D-86CA-3654E755E3B1}.Debug|Mixed Platforms.Build.0 = Debug|Any CPU
		{B004A122-ACD0-444D-86CA-3654E755E3B1}.Debug|Win32.ActiveCfg = Debug|Any CPU
		{B004A122-ACD0-444D-86CA-3654E755E3B1}.Release|Any CPU.ActiveCfg = Release|Any CPU
		{B004A122-ACD0-444D-86CA-3654E755E3B1}.Release|Any CPU.Build.0 = Release|Any CPU
		{B004A122-ACD0-444D-86CA-3654E755E3B1}.Release|Mixed Platforms.ActiveCfg = Release|Any CPU
		{B004A122-ACD0-444D-86CA-3654E755E3B1}.Release|Mixed Platforms.Build.0 = Release|Any CPU
		{B004A122-ACD0-444D-86CA-3654E755E3B1}.Release|Win32.ActiveCfg = Release|Any CPU
	EndGlobalSection
	GlobalSection(SolutionProperties) = preSolution
		HideSolutionNode = FALSE
	EndGlobalSection
EndGlobal
