<?xml version="1.0" encoding="utf-8"?>
<Project ToolsVersion="4.0" xmlns="http://schemas.microsoft.com/developer/msbuild/2003">
  <ItemGroup>
    <ClCompile Include="AreaAttack.cpp" />
    <ClCompile Include="Attack.cpp" />
    <ClCompile Include="AudioManager.cpp" />
    <ClCompile Include="BuildMenu.cpp" />
    <ClCompile Include="Button.cpp" />
    <ClCompile Include="CreditsMenu.cpp" />
    <ClCompile Include="Entity.cpp" />
    <ClCompile Include="Field.cpp" />
    <ClCompile Include="GameMenu.cpp" />
    <ClCompile Include="GameOverMenu.cpp" />
    <ClCompile Include="LevelManager.cpp" />
    <ClCompile Include="main.cpp" />
    <ClCompile Include="Main_test.cpp" />
    <ClCompile Include="Menu.cpp" />
    <ClCompile Include="MenuManager.cpp" />
    <ClCompile Include="MoneyTower.cpp" />
    <ClCompile Include="NormalAttack.cpp" />
    <ClCompile Include="NormalTower.cpp" />
    <ClCompile Include="Path.cpp" />
    <ClCompile Include="SFMLTest.cpp" />
    <ClCompile Include="Enemy.cpp" />
    <ClCompile Include="FastEnemy.cpp" />
    <ClCompile Include="NormalEnemy.cpp" />
    <ClCompile Include="BombEnemy.cpp" />
    <ClCompile Include="Config.cpp" />
    <ClCompile Include="Player.cpp" />
    <ClCompile Include="SlowAttack.cpp" />
    <ClCompile Include="SlowTower.cpp" />
    <ClCompile Include="StartMenu.cpp" />
    <ClCompile Include="SunTower.cpp" />
    <ClCompile Include="Wave.cpp" />
    <ClCompile Include="ToughEnemy.cpp" />
    <ClCompile Include="Tile.cpp" />
    <ClCompile Include="Tower.cpp" />
    <ClCompile Include="TowerMenu.cpp" />
    <ClCompile Include="TowerTest.cpp">
      <Filter>UnitTests</Filter>
    </ClCompile>
  </ItemGroup>
  <ItemGroup>
<<<<<<< HEAD
    <ClInclude Include="AreaAttack.h" />
    <ClInclude Include="Attack.h" />
    <ClInclude Include="AudioManager.h" />
    <ClInclude Include="BuildMenu.h" />
    <ClInclude Include="Button.h" />
    <ClInclude Include="CreditsMenu.h" />
    <ClInclude Include="Entity.h" />
    <ClInclude Include="Field.h" />
    <ClInclude Include="GameMenu.h" />
    <ClInclude Include="Enemy.h" />
    <ClInclude Include="BombEnemy.h" />
    <ClInclude Include="FastEnemy.h" />
    <ClInclude Include="Config.h" />
    <ClInclude Include="GameOverMenu.h" />
    <ClInclude Include="LevelManager.h" />
    <ClInclude Include="MenuManager.h" />
    <ClInclude Include="MoneyTower.h" />
    <ClInclude Include="NormalAttack.h" />
    <ClInclude Include="NormalTower.h" />
    <ClInclude Include="Path.h" />
    <ClInclude Include="Player.h" />
    <ClInclude Include="SlowAttack.h" />
    <ClInclude Include="SlowTower.h" />
    <ClInclude Include="StartMenu.h" />
    <ClInclude Include="SunTower.h" />
    <ClInclude Include="Tile.h" />
    <ClInclude Include="Tower.h" />
    <ClInclude Include="Wave.h" />
    <ClInclude Include="ToughEnemy.h" />
    <ClInclude Include="NormalEnemy.h" />
    <ClInclude Include="Menu.h" />
    <ClInclude Include="TowerMenu.h" />
  </ItemGroup>
  <ItemGroup>
    <Media Include="test.mp3" />
=======
    <ClCompile Include="Entity.cpp">
      <Filter>Fichiers sources</Filter>
    </ClCompile>
    <ClCompile Include="Field.cpp">
      <Filter>Fichiers sources</Filter>
    </ClCompile>
    <ClCompile Include="Tile.cpp">
      <Filter>Fichiers sources</Filter>
    </ClCompile>
    <ClCompile Include="Attack.cpp">
      <Filter>Fichiers sources\Attack</Filter>
    </ClCompile>
    <ClCompile Include="AreaAttack.cpp">
      <Filter>Fichiers sources\Attack</Filter>
    </ClCompile>
    <ClCompile Include="Tower.cpp">
      <Filter>Fichiers sources\Tower</Filter>
    </ClCompile>
    <ClCompile Include="Enemy.cpp">
      <Filter>Fichiers sources\Enemy</Filter>
    </ClCompile>
    <ClCompile Include="FastEnemy.cpp">
      <Filter>Fichiers sources\Enemy</Filter>
    </ClCompile>
    <ClCompile Include="ToughEnemy.cpp">
      <Filter>Fichiers sources\Enemy</Filter>
    </ClCompile>
    <ClCompile Include="NormalEnemy.cpp">
      <Filter>Fichiers sources\Enemy</Filter>
    </ClCompile>
    <ClCompile Include="BombEnemy.cpp">
      <Filter>Fichiers sources\Enemy</Filter>
    </ClCompile>
    <ClCompile Include="Config.cpp">
      <Filter>Fichiers sources</Filter>
    </ClCompile>
    <ClCompile Include="Wave.cpp">
      <Filter>Fichiers sources\Enemy</Filter>
    </ClCompile>
    <ClCompile Include="Player.cpp">
      <Filter>Fichiers sources</Filter>
    </ClCompile>
    <ClCompile Include="NormalTower.cpp">
      <Filter>Fichiers sources\Tower</Filter>
    </ClCompile>
    <ClCompile Include="MoneyTower.cpp">
      <Filter>Fichiers sources\Tower</Filter>
    </ClCompile>
    <ClCompile Include="SunTower.cpp">
      <Filter>Fichiers sources\Tower</Filter>
    </ClCompile>
    <ClCompile Include="SlowTower.cpp">
      <Filter>Fichiers sources\Tower</Filter>
    </ClCompile>
    <ClCompile Include="Menu.cpp">
      <Filter>Fichiers sources\Interface %28menus/buttons%29</Filter>
    </ClCompile>
    <ClCompile Include="GameMenu.cpp">
      <Filter>Fichiers sources\Interface %28menus/buttons%29</Filter>
    </ClCompile>
    <ClCompile Include="BuildMenu.cpp">
      <Filter>Fichiers sources\Interface %28menus/buttons%29</Filter>
    </ClCompile>
    <ClCompile Include="Button.cpp">
      <Filter>Fichiers sources\Interface %28menus/buttons%29</Filter>
    </ClCompile>
    <ClCompile Include="TowerMenu.cpp">
      <Filter>Fichiers sources\Interface %28menus/buttons%29</Filter>
    </ClCompile>
    <ClCompile Include="StartMenu.cpp">
      <Filter>Fichiers sources\Interface %28menus/buttons%29</Filter>
    </ClCompile>
    <ClCompile Include="CreditsMenu.cpp">
      <Filter>Fichiers sources\Interface %28menus/buttons%29</Filter>
    </ClCompile>
    <ClCompile Include="Path.cpp">
      <Filter>Fichiers sources</Filter>
    </ClCompile>
    <ClCompile Include="AudioManager.cpp">
      <Filter>Fichiers sources</Filter>
    </ClCompile>
    <ClCompile Include="MenuManager.cpp">
      <Filter>Fichiers sources\Interface %28menus/buttons%29</Filter>
    </ClCompile>
    <ClCompile Include="LevelManager.cpp">
      <Filter>Fichiers sources</Filter>
    </ClCompile>
    <ClCompile Include="SlowAttack.cpp">
      <Filter>Fichiers sources\Attack</Filter>
    </ClCompile>
    <ClCompile Include="NormalAttack.cpp">
      <Filter>Fichiers sources\Attack</Filter>
    </ClCompile>
    <ClCompile Include="main.cpp">
      <Filter>Fichiers sources</Filter>
    </ClCompile>
    <ClCompile Include="GameOverMenu.cpp">
      <Filter>Fichiers sources</Filter>
    </ClCompile>
  </ItemGroup>
  <ItemGroup>
    <ClInclude Include="Config.h">
      <Filter>Fichiers d%27en-tête</Filter>
    </ClInclude>
    <ClInclude Include="Enemy.h">
      <Filter>Fichiers d%27en-tête\Enemy</Filter>
    </ClInclude>
    <ClInclude Include="BombEnemy.h">
      <Filter>Fichiers d%27en-tête\Enemy</Filter>
    </ClInclude>
    <ClInclude Include="FastEnemy.h">
      <Filter>Fichiers d%27en-tête\Enemy</Filter>
    </ClInclude>
    <ClInclude Include="ToughEnemy.h">
      <Filter>Fichiers d%27en-tête\Enemy</Filter>
    </ClInclude>
    <ClInclude Include="Wave.h">
      <Filter>Fichiers d%27en-tête\Enemy</Filter>
    </ClInclude>
    <ClInclude Include="Attack.h">
      <Filter>Fichiers d%27en-tête\Attack</Filter>
    </ClInclude>
    <ClInclude Include="AreaAttack.h">
      <Filter>Fichiers d%27en-tête\Attack</Filter>
    </ClInclude>
    <ClInclude Include="NormalEnemy.h">
      <Filter>Fichiers d%27en-tête\Enemy</Filter>
    </ClInclude>
    <ClInclude Include="Menu.h">
      <Filter>Fichiers d%27en-tête\Interface %28menus/buttons%29</Filter>
    </ClInclude>
    <ClInclude Include="GameMenu.h">
      <Filter>Fichiers d%27en-tête\Interface %28menus/buttons%29</Filter>
    </ClInclude>
    <ClInclude Include="BuildMenu.h">
      <Filter>Fichiers d%27en-tête\Interface %28menus/buttons%29</Filter>
    </ClInclude>
    <ClInclude Include="Button.h">
      <Filter>Fichiers d%27en-tête\Interface %28menus/buttons%29</Filter>
    </ClInclude>
    <ClInclude Include="TowerMenu.h">
      <Filter>Fichiers d%27en-tête\Interface %28menus/buttons%29</Filter>
    </ClInclude>
    <ClInclude Include="StartMenu.h">
      <Filter>Fichiers d%27en-tête\Interface %28menus/buttons%29</Filter>
    </ClInclude>
    <ClInclude Include="CreditsMenu.h">
      <Filter>Fichiers d%27en-tête\Interface %28menus/buttons%29</Filter>
    </ClInclude>
    <ClInclude Include="MenuManager.h">
      <Filter>Fichiers d%27en-tête\Interface %28menus/buttons%29</Filter>
    </ClInclude>
    <ClInclude Include="NormalAttack.h">
      <Filter>Fichiers d%27en-tête\Attack</Filter>
    </ClInclude>
    <ClInclude Include="SlowAttack.h">
      <Filter>Fichiers d%27en-tête\Attack</Filter>
    </ClInclude>
    <ClInclude Include="Entity.h">
      <Filter>Fichiers d%27en-tête</Filter>
    </ClInclude>
    <ClInclude Include="Field.h">
      <Filter>Fichiers d%27en-tête</Filter>
    </ClInclude>
    <ClInclude Include="AudioManager.h">
      <Filter>Fichiers d%27en-tête</Filter>
    </ClInclude>
    <ClInclude Include="GameOverMenu.h">
      <Filter>Fichiers d%27en-tête</Filter>
    </ClInclude>
    <ClInclude Include="LevelManager.h">
      <Filter>Fichiers d%27en-tête</Filter>
    </ClInclude>
    <ClInclude Include="Path.h">
      <Filter>Fichiers d%27en-tête</Filter>
    </ClInclude>
    <ClInclude Include="Player.h">
      <Filter>Fichiers d%27en-tête</Filter>
    </ClInclude>
    <ClInclude Include="Tile.h">
      <Filter>Fichiers d%27en-tête</Filter>
    </ClInclude>
    <ClInclude Include="Tower.h">
      <Filter>Fichiers d%27en-tête\Tower</Filter>
    </ClInclude>
    <ClInclude Include="SunTower.h">
      <Filter>Fichiers d%27en-tête\Tower</Filter>
    </ClInclude>
    <ClInclude Include="SlowTower.h">
      <Filter>Fichiers d%27en-tête\Tower</Filter>
    </ClInclude>
    <ClInclude Include="NormalTower.h">
      <Filter>Fichiers d%27en-tête\Tower</Filter>
    </ClInclude>
    <ClInclude Include="MoneyTower.h">
      <Filter>Fichiers d%27en-tête\Tower</Filter>
    </ClInclude>
>>>>>>> origin/master
  </ItemGroup>
  <ItemGroup>
    <None Include="sfml-audio-2.dll" />
    <None Include="sfml-audio-d-2.dll" />
    <None Include="sfml-graphics-2.dll" />
    <None Include="sfml-graphics-d-2.dll" />
    <None Include="sfml-network-2.dll" />
    <None Include="sfml-network-d-2.dll" />
    <None Include="sfml-system-2.dll" />
    <None Include="sfml-system-d-2.dll" />
    <None Include="sfml-window-2.dll" />
    <None Include="sfml-window-d-2.dll" />
  </ItemGroup>
  <ItemGroup>
    <Text Include="Waves.txt" />
  </ItemGroup>
  <ItemGroup>
<<<<<<< HEAD
    <Filter Include="UnitTests">
      <UniqueIdentifier>{e7609c0f-219a-4ab8-ae63-ecdc3e6fcbc5}</UniqueIdentifier>
    </Filter>
=======
    <Text Include="Waves.txt" />
>>>>>>> origin/master
  </ItemGroup>
</Project>