<?xml version="1.0" encoding="utf-8"?>
<Project ToolsVersion="4.0" xmlns="http://schemas.microsoft.com/developer/msbuild/2003">
  <ItemGroup>
    <ClCompile Include="Config.cpp">
      <Filter>Source</Filter>
    </ClCompile>
    <ClCompile Include="Entity.cpp">
      <Filter>Source</Filter>
    </ClCompile>
    <ClCompile Include="main.cpp">
      <Filter>Source</Filter>
    </ClCompile>
    <ClCompile Include="Player.cpp">
      <Filter>Source</Filter>
    </ClCompile>
    <ClCompile Include="Wave.cpp">
      <Filter>Source</Filter>
    </ClCompile>
    <ClCompile Include="AreaAttack.cpp">
      <Filter>Source\Attack</Filter>
    </ClCompile>
    <ClCompile Include="Attack.cpp">
      <Filter>Source\Attack</Filter>
    </ClCompile>
    <ClCompile Include="BombEnemy.cpp">
      <Filter>Source\Enemy</Filter>
    </ClCompile>
    <ClCompile Include="Button.cpp">
      <Filter>Source\Interface</Filter>
    </ClCompile>
    <ClCompile Include="Enemy.cpp">
      <Filter>Source\Enemy</Filter>
    </ClCompile>
    <ClCompile Include="FastEnemy.cpp">
      <Filter>Source\Enemy</Filter>
    </ClCompile>
    <ClCompile Include="NormalAttack.cpp">
      <Filter>Source\Attack</Filter>
    </ClCompile>
    <ClCompile Include="NormalEnemy.cpp">
      <Filter>Source\Enemy</Filter>
    </ClCompile>
    <ClCompile Include="MoneyTower.cpp">
      <Filter>Source\Tower</Filter>
    </ClCompile>
    <ClCompile Include="NormalTower.cpp">
      <Filter>Source\Tower</Filter>
    </ClCompile>
    <ClCompile Include="SlowAttack.cpp">
      <Filter>Source\Attack</Filter>
    </ClCompile>
    <ClCompile Include="SlowTower.cpp">
      <Filter>Source\Tower</Filter>
    </ClCompile>
    <ClCompile Include="SunTower.cpp">
      <Filter>Source\Tower</Filter>
    </ClCompile>
    <ClCompile Include="ToughEnemy.cpp">
      <Filter>Source\Enemy</Filter>
    </ClCompile>
    <ClCompile Include="Tower.cpp">
      <Filter>Source\Tower</Filter>
    </ClCompile>
    <ClCompile Include="BuildMenu.cpp">
      <Filter>Source\Interface</Filter>
    </ClCompile>
    <ClCompile Include="CreditsMenu.cpp">
      <Filter>Source\Interface</Filter>
    </ClCompile>
    <ClCompile Include="GameMenu.cpp">
      <Filter>Source\Interface</Filter>
    </ClCompile>
    <ClCompile Include="GameOverMenu.cpp">
      <Filter>Source\Interface</Filter>
    </ClCompile>
    <ClCompile Include="StartMenu.cpp">
      <Filter>Source\Interface</Filter>
    </ClCompile>
    <ClCompile Include="TowerMenu.cpp">
      <Filter>Source\Interface</Filter>
    </ClCompile>
    <ClCompile Include="Menu.cpp">
      <Filter>Source\Interface</Filter>
    </ClCompile>
    <ClCompile Include="AudioManager.cpp">
      <Filter>Source\Manager</Filter>
    </ClCompile>
    <ClCompile Include="LevelManager.cpp">
      <Filter>Source\Manager</Filter>
    </ClCompile>
    <ClCompile Include="MenuManager.cpp">
      <Filter>Source\Manager</Filter>
    </ClCompile>
    <ClCompile Include="Field.cpp">
      <Filter>Source\Interface</Filter>
    </ClCompile>
    <ClCompile Include="Tile.cpp">
      <Filter>Source\Interface</Filter>
    </ClCompile>
    <ClCompile Include="Path.cpp">
      <Filter>Source\Interface</Filter>
    </ClCompile>
    <ClCompile Include="TowerTest.cpp">
      <Filter>Source\UnitTests</Filter>
    </ClCompile>
    <ClCompile Include="UnitTests.cpp">
      <Filter>Source\UnitTests</Filter>
    </ClCompile>
  </ItemGroup>
  <ItemGroup>
    <ClInclude Include="Config.h">
      <Filter>Header</Filter>
    </ClInclude>
    <ClInclude Include="Entity.h">
      <Filter>Header</Filter>
    </ClInclude>
    <ClInclude Include="Wave.h">
      <Filter>Header</Filter>
    </ClInclude>
    <ClInclude Include="Tile.h">
      <Filter>Header</Filter>
    </ClInclude>
    <ClInclude Include="Player.h">
      <Filter>Header</Filter>
    </ClInclude>
    <ClInclude Include="Path.h">
      <Filter>Header</Filter>
    </ClInclude>
    <ClInclude Include="AreaAttack.h">
      <Filter>Header\Attack</Filter>
    </ClInclude>
    <ClInclude Include="Attack.h">
      <Filter>Header\Attack</Filter>
    </ClInclude>
    <ClInclude Include="AudioManager.h">
      <Filter>Header\Manager</Filter>
    </ClInclude>
    <ClInclude Include="BombEnemy.h">
      <Filter>Header\Enemy</Filter>
    </ClInclude>
    <ClInclude Include="BuildMenu.h">
      <Filter>Header\Interface</Filter>
    </ClInclude>
    <ClInclude Include="Button.h">
      <Filter>Header\Interface</Filter>
    </ClInclude>
    <ClInclude Include="CreditsMenu.h">
      <Filter>Header\Interface</Filter>
    </ClInclude>
    <ClInclude Include="Enemy.h">
      <Filter>Header\Enemy</Filter>
    </ClInclude>
    <ClInclude Include="FastEnemy.h">
      <Filter>Header\Enemy</Filter>
    </ClInclude>
    <ClInclude Include="Field.h">
      <Filter>Header\Interface</Filter>
    </ClInclude>
    <ClInclude Include="GameMenu.h">
      <Filter>Header\Interface</Filter>
    </ClInclude>
    <ClInclude Include="GameOverMenu.h">
      <Filter>Header\Interface</Filter>
    </ClInclude>
    <ClInclude Include="LevelManager.h">
      <Filter>Header\Manager</Filter>
    </ClInclude>
    <ClInclude Include="MenuManager.h">
      <Filter>Header\Manager</Filter>
    </ClInclude>
    <ClInclude Include="MoneyTower.h">
      <Filter>Header\Tower</Filter>
    </ClInclude>
    <ClInclude Include="NormalTower.h">
      <Filter>Header\Tower</Filter>
    </ClInclude>
    <ClInclude Include="Menu.h">
      <Filter>Header\Interface</Filter>
    </ClInclude>
    <ClInclude Include="NormalAttack.h">
      <Filter>Header\Attack</Filter>
    </ClInclude>
    <ClInclude Include="NormalEnemy.h">
      <Filter>Header\Enemy</Filter>
    </ClInclude>
    <ClInclude Include="SlowAttack.h">
      <Filter>Header\Attack</Filter>
    </ClInclude>
    <ClInclude Include="SlowTower.h">
      <Filter>Header\Tower</Filter>
    </ClInclude>
    <ClInclude Include="SunTower.h">
      <Filter>Header\Tower</Filter>
    </ClInclude>
    <ClInclude Include="StartMenu.h">
      <Filter>Header\Interface</Filter>
    </ClInclude>
    <ClInclude Include="ToughEnemy.h">
      <Filter>Header\Enemy</Filter>
    </ClInclude>
    <ClInclude Include="Tower.h">
      <Filter>Header\Tower</Filter>
    </ClInclude>
    <ClInclude Include="TowerMenu.h">
      <Filter>Header\Interface</Filter>
    </ClInclude>
  </ItemGroup>
  <ItemGroup>
    <Media Include="test.mp3" />
    <ClCompile Include="Entity.cpp">
      <Filter>Fichiers sources</Filter>
    </ClCompile>
    <ClCompile Include="Field.cpp">
      <Filter>Fichiers sources</Filter>
    </ClCompile>
    <ClCompile Include="Tile.cpp">
      <Filter>Fichiers sources</Filter>
    </ClCompile>
    <ClCompile Include="Attack.cpp">
      <Filter>Fichiers sources\Attack</Filter>
    </ClCompile>
    <ClCompile Include="AreaAttack.cpp">
      <Filter>Fichiers sources\Attack</Filter>
    </ClCompile>
    <ClCompile Include="Tower.cpp">
      <Filter>Fichiers sources\Tower</Filter>
    </ClCompile>
    <ClCompile Include="Enemy.cpp">
      <Filter>Fichiers sources\Enemy</Filter>
    </ClCompile>
    <ClCompile Include="FastEnemy.cpp">
      <Filter>Fichiers sources\Enemy</Filter>
    </ClCompile>
    <ClCompile Include="ToughEnemy.cpp">
      <Filter>Fichiers sources\Enemy</Filter>
    </ClCompile>
    <ClCompile Include="NormalEnemy.cpp">
      <Filter>Fichiers sources\Enemy</Filter>
    </ClCompile>
    <ClCompile Include="BombEnemy.cpp">
      <Filter>Fichiers sources\Enemy</Filter>
    </ClCompile>
    <ClCompile Include="Config.cpp">
      <Filter>Fichiers sources</Filter>
    </ClCompile>
    <ClCompile Include="Wave.cpp">
      <Filter>Fichiers sources\Enemy</Filter>
    </ClCompile>
    <ClCompile Include="Player.cpp">
      <Filter>Fichiers sources</Filter>
    </ClCompile>
    <ClCompile Include="NormalTower.cpp">
      <Filter>Fichiers sources\Tower</Filter>
    </ClCompile>
    <ClCompile Include="MoneyTower.cpp">
      <Filter>Fichiers sources\Tower</Filter>
    </ClCompile>
    <ClCompile Include="SunTower.cpp">
      <Filter>Fichiers sources\Tower</Filter>
    </ClCompile>
    <ClCompile Include="SlowTower.cpp">
      <Filter>Fichiers sources\Tower</Filter>
    </ClCompile>
    <ClCompile Include="Menu.cpp">
      <Filter>Fichiers sources\Interface %28menus/buttons%29</Filter>
    </ClCompile>
    <ClCompile Include="GameMenu.cpp">
      <Filter>Fichiers sources\Interface %28menus/buttons%29</Filter>
    </ClCompile>
    <ClCompile Include="BuildMenu.cpp">
      <Filter>Fichiers sources\Interface %28menus/buttons%29</Filter>
    </ClCompile>
    <ClCompile Include="Button.cpp">
      <Filter>Fichiers sources\Interface %28menus/buttons%29</Filter>
    </ClCompile>
    <ClCompile Include="TowerMenu.cpp">
      <Filter>Fichiers sources\Interface %28menus/buttons%29</Filter>
    </ClCompile>
    <ClCompile Include="StartMenu.cpp">
      <Filter>Fichiers sources\Interface %28menus/buttons%29</Filter>
    </ClCompile>
    <ClCompile Include="CreditsMenu.cpp">
      <Filter>Fichiers sources\Interface %28menus/buttons%29</Filter>
    </ClCompile>
    <ClCompile Include="Path.cpp">
      <Filter>Fichiers sources</Filter>
    </ClCompile>
    <ClCompile Include="AudioManager.cpp">
      <Filter>Fichiers sources</Filter>
    </ClCompile>
    <ClCompile Include="MenuManager.cpp">
      <Filter>Fichiers sources\Interface %28menus/buttons%29</Filter>
    </ClCompile>
    <ClCompile Include="LevelManager.cpp">
      <Filter>Fichiers sources</Filter>
    </ClCompile>
    <ClCompile Include="SlowAttack.cpp">
      <Filter>Fichiers sources\Attack</Filter>
    </ClCompile>
    <ClCompile Include="NormalAttack.cpp">
      <Filter>Fichiers sources\Attack</Filter>
    </ClCompile>
    <ClCompile Include="main.cpp">
      <Filter>Fichiers sources</Filter>
    </ClCompile>
    <ClCompile Include="GameOverMenu.cpp">
      <Filter>Fichiers sources</Filter>
    </ClCompile>
  </ItemGroup>
  <ItemGroup>
    <ClInclude Include="Config.h">
      <Filter>Fichiers d%27en-tête</Filter>
    </ClInclude>
    <ClInclude Include="Enemy.h">
      <Filter>Fichiers d%27en-tête\Enemy</Filter>
    </ClInclude>
    <ClInclude Include="BombEnemy.h">
      <Filter>Fichiers d%27en-tête\Enemy</Filter>
    </ClInclude>
    <ClInclude Include="FastEnemy.h">
      <Filter>Fichiers d%27en-tête\Enemy</Filter>
    </ClInclude>
    <ClInclude Include="ToughEnemy.h">
      <Filter>Fichiers d%27en-tête\Enemy</Filter>
    </ClInclude>
    <ClInclude Include="Wave.h">
      <Filter>Fichiers d%27en-tête\Enemy</Filter>
    </ClInclude>
    <ClInclude Include="Attack.h">
      <Filter>Fichiers d%27en-tête\Attack</Filter>
    </ClInclude>
    <ClInclude Include="AreaAttack.h">
      <Filter>Fichiers d%27en-tête\Attack</Filter>
    </ClInclude>
    <ClInclude Include="NormalEnemy.h">
      <Filter>Fichiers d%27en-tête\Enemy</Filter>
    </ClInclude>
    <ClInclude Include="Menu.h">
      <Filter>Fichiers d%27en-tête\Interface %28menus/buttons%29</Filter>
    </ClInclude>
    <ClInclude Include="GameMenu.h">
      <Filter>Fichiers d%27en-tête\Interface %28menus/buttons%29</Filter>
    </ClInclude>
    <ClInclude Include="BuildMenu.h">
      <Filter>Fichiers d%27en-tête\Interface %28menus/buttons%29</Filter>
    </ClInclude>
    <ClInclude Include="Button.h">
      <Filter>Fichiers d%27en-tête\Interface %28menus/buttons%29</Filter>
    </ClInclude>
    <ClInclude Include="TowerMenu.h">
      <Filter>Fichiers d%27en-tête\Interface %28menus/buttons%29</Filter>
    </ClInclude>
    <ClInclude Include="StartMenu.h">
      <Filter>Fichiers d%27en-tête\Interface %28menus/buttons%29</Filter>
    </ClInclude>
    <ClInclude Include="CreditsMenu.h">
      <Filter>Fichiers d%27en-tête\Interface %28menus/buttons%29</Filter>
    </ClInclude>
    <ClInclude Include="MenuManager.h">
      <Filter>Fichiers d%27en-tête\Interface %28menus/buttons%29</Filter>
    </ClInclude>
    <ClInclude Include="NormalAttack.h">
      <Filter>Fichiers d%27en-tête\Attack</Filter>
    </ClInclude>
    <ClInclude Include="SlowAttack.h">
      <Filter>Fichiers d%27en-tête\Attack</Filter>
    </ClInclude>
    <ClInclude Include="Entity.h">
      <Filter>Fichiers d%27en-tête</Filter>
    </ClInclude>
    <ClInclude Include="Field.h">
      <Filter>Fichiers d%27en-tête</Filter>
    </ClInclude>
    <ClInclude Include="AudioManager.h">
      <Filter>Fichiers d%27en-tête</Filter>
    </ClInclude>
    <ClInclude Include="GameOverMenu.h">
      <Filter>Fichiers d%27en-tête</Filter>
    </ClInclude>
    <ClInclude Include="LevelManager.h">
      <Filter>Fichiers d%27en-tête</Filter>
    </ClInclude>
    <ClInclude Include="Path.h">
      <Filter>Fichiers d%27en-tête</Filter>
    </ClInclude>
    <ClInclude Include="Player.h">
      <Filter>Fichiers d%27en-tête</Filter>
    </ClInclude>
    <ClInclude Include="Tile.h">
      <Filter>Fichiers d%27en-tête</Filter>
    </ClInclude>
    <ClInclude Include="Tower.h">
      <Filter>Fichiers d%27en-tête\Tower</Filter>
    </ClInclude>
    <ClInclude Include="SunTower.h">
      <Filter>Fichiers d%27en-tête\Tower</Filter>
    </ClInclude>
    <ClInclude Include="SlowTower.h">
      <Filter>Fichiers d%27en-tête\Tower</Filter>
    </ClInclude>
    <ClInclude Include="NormalTower.h">
      <Filter>Fichiers d%27en-tête\Tower</Filter>
    </ClInclude>
    <ClInclude Include="MoneyTower.h">
      <Filter>Fichiers d%27en-tête\Tower</Filter>
    </ClInclude>
  </ItemGroup>
  <ItemGroup>
    <None Include="sfml-audio-2.dll" />
    <None Include="sfml-audio-d-2.dll" />
    <None Include="sfml-graphics-2.dll" />
    <None Include="sfml-graphics-d-2.dll" />
    <None Include="sfml-network-2.dll" />
    <None Include="sfml-network-d-2.dll" />
    <None Include="sfml-system-2.dll" />
    <None Include="sfml-system-d-2.dll" />
    <None Include="sfml-window-2.dll" />
    <None Include="sfml-window-d-2.dll" />
    <None Include="ClassDiagram.cd" />
  </ItemGroup>
  <ItemGroup>
    <Text Include="Waves.txt" />
  </ItemGroup>
  <ItemGroup>
    <Filter Include="Header">
      <UniqueIdentifier>{5419e0c7-6f24-4f44-987d-10971f76f85b}</UniqueIdentifier>
    </Filter>
    <Filter Include="Source">
      <UniqueIdentifier>{9cc6111d-ec6c-41eb-8213-f4d640f3da29}</UniqueIdentifier>
    </Filter>
    <Filter Include="Source\Tower">
      <UniqueIdentifier>{fbe79e92-f661-4a4e-ab66-1fea8d5bd9df}</UniqueIdentifier>
    </Filter>
    <Filter Include="Source\Enemy">
      <UniqueIdentifier>{6e1a0b81-973e-430b-80e2-93bf3288f60a}</UniqueIdentifier>
    </Filter>
    <Filter Include="Source\Attack">
      <UniqueIdentifier>{25989502-1a73-46d5-8b1d-19ee4b08c926}</UniqueIdentifier>
    </Filter>
    <Filter Include="Source\Interface">
      <UniqueIdentifier>{a3bcc3bf-da32-4362-95bb-7e50b6dfed34}</UniqueIdentifier>
    </Filter>
    <Filter Include="Source\Manager">
      <UniqueIdentifier>{1b2427c0-49af-4b1d-b9e6-72398846ca29}</UniqueIdentifier>
    </Filter>
    <Filter Include="Header\Tower">
      <UniqueIdentifier>{fb9bdcd1-a507-4b96-bcf9-254571d315ba}</UniqueIdentifier>
    </Filter>
    <Filter Include="Header\Enemy">
      <UniqueIdentifier>{2f608e17-3d0f-4601-8acf-43b78c8377ff}</UniqueIdentifier>
    </Filter>
    <Filter Include="Header\Attack">
      <UniqueIdentifier>{b7d28fa3-3efa-4937-a108-26bc8ed05e46}</UniqueIdentifier>
    </Filter>
    <Filter Include="Header\Manager">
      <UniqueIdentifier>{ff5da1ea-15b7-4dc0-9016-b24ebd3a37cd}</UniqueIdentifier>
    </Filter>
    <Filter Include="Header\Interface">
      <UniqueIdentifier>{f87a8917-5c4f-465d-8b43-319ef7bbefaf}</UniqueIdentifier>
    </Filter>
    <Filter Include="Source\UnitTests">
      <UniqueIdentifier>{57bc0765-6ba7-4204-a8ec-b0044fbb0b07}</UniqueIdentifier>
    </Filter>
  </ItemGroup>
</Project>